// !$*UTF8*$!
{
	archiveVersion = 1;
	classes = {
	};
	objectVersion = 56;
	objects = {

/* Begin PBXBuildFile section */
		02B420E62B89B1C1001441F7 /* ProfilePage.swift in Sources */ = {isa = PBXBuildFile; fileRef = 02B420E52B89B1C1001441F7 /* ProfilePage.swift */; };
		02B420F12B89F3E3001441F7 /* SchedulePage.swift in Sources */ = {isa = PBXBuildFile; fileRef = 02B420F02B89F3E3001441F7 /* SchedulePage.swift */; };
		02B420F42B8A2684001441F7 /* TutorScheduleView.swift in Sources */ = {isa = PBXBuildFile; fileRef = 02B420F32B8A2684001441F7 /* TutorScheduleView.swift */; };
		305657E02B898AD000B0208A /* NTUtorApp.swift in Sources */ = {isa = PBXBuildFile; fileRef = 305657DF2B898AD000B0208A /* NTUtorApp.swift */; };
		305657E22B898AD000B0208A /* ContentView.swift in Sources */ = {isa = PBXBuildFile; fileRef = 305657E12B898AD000B0208A /* ContentView.swift */; };
		305657E42B898AD400B0208A /* Assets.xcassets in Resources */ = {isa = PBXBuildFile; fileRef = 305657E32B898AD400B0208A /* Assets.xcassets */; };
		305657E72B898AD400B0208A /* Preview Assets.xcassets in Resources */ = {isa = PBXBuildFile; fileRef = 305657E62B898AD400B0208A /* Preview Assets.xcassets */; };
		305657FE2B89C71300B0208A /* name.png in Resources */ = {isa = PBXBuildFile; fileRef = 305657FB2B89C71300B0208A /* name.png */; };
		305657FF2B89C71300B0208A /* logo.png in Resources */ = {isa = PBXBuildFile; fileRef = 305657FC2B89C71300B0208A /* logo.png */; };
		305658002B89C71300B0208A /* Screenshot 2024-02-24 at 2.09.46 PM.png in Resources */ = {isa = PBXBuildFile; fileRef = 305657FD2B89C71300B0208A /* Screenshot 2024-02-24 at 2.09.46 PM.png */; };
		305658082B89D03A00B0208A /* BottomBarView.swift in Sources */ = {isa = PBXBuildFile; fileRef = 305658072B89D03A00B0208A /* BottomBarView.swift */; };
		3056580C2B89D75E00B0208A /* students.png in Resources */ = {isa = PBXBuildFile; fileRef = 3056580B2B89D75E00B0208A /* students.png */; };
		305658132B89E32D00B0208A /* DropDownPickerView.swift in Sources */ = {isa = PBXBuildFile; fileRef = 305658122B89E32D00B0208A /* DropDownPickerView.swift */; };
		305658182B89F58300B0208A /* TutorPage.swift in Sources */ = {isa = PBXBuildFile; fileRef = 305658172B89F58300B0208A /* TutorPage.swift */; };
		3056581B2B89F76D00B0208A /* DropDownPickerGrade.swift in Sources */ = {isa = PBXBuildFile; fileRef = 3056581A2B89F76D00B0208A /* DropDownPickerGrade.swift */; };
		3056581D2B89FDA200B0208A /* tutor.png in Resources */ = {isa = PBXBuildFile; fileRef = 3056581C2B89FDA200B0208A /* tutor.png */; };
		305658222B8A01DF00B0208A /* DatePickerView.swift in Sources */ = {isa = PBXBuildFile; fileRef = 305658212B8A01DF00B0208A /* DatePickerView.swift */; };
		305658242B8A06AB00B0208A /* 36368-removebg-preview.png in Resources */ = {isa = PBXBuildFile; fileRef = 305658232B8A06AB00B0208A /* 36368-removebg-preview.png */; };
		305658272B8A3C8A00B0208A /* TutDescriptionPageView.swift in Sources */ = {isa = PBXBuildFile; fileRef = 305658262B8A3C8A00B0208A /* TutDescriptionPageView.swift */; };
		3056582A2B8A3F1200B0208A /* BioView.swift in Sources */ = {isa = PBXBuildFile; fileRef = 305658292B8A3F1200B0208A /* BioView.swift */; };
		3056582D2B8A53BD00B0208A /* ColorExtension.swift in Sources */ = {isa = PBXBuildFile; fileRef = 3056582C2B8A53BD00B0208A /* ColorExtension.swift */; };
		3056582F2B8A54A300B0208A /* DropDownPickerDate.swift in Sources */ = {isa = PBXBuildFile; fileRef = 3056582E2B8A54A300B0208A /* DropDownPickerDate.swift */; };
		305658322B8AB57100B0208A /* TutorData.swift in Sources */ = {isa = PBXBuildFile; fileRef = 305658312B8AB57100B0208A /* TutorData.swift */; };
		305658342B8AB95100B0208A /* PersonStruct.swift in Sources */ = {isa = PBXBuildFile; fileRef = 305658332B8AB95100B0208A /* PersonStruct.swift */; };
		305658372B8AC12300B0208A /* photo_6255619918619851050_x.jpg in Resources */ = {isa = PBXBuildFile; fileRef = 305658362B8AC12300B0208A /* photo_6255619918619851050_x.jpg */; };
		C93A25612B89A445004FD102 /* LandingPage.swift in Sources */ = {isa = PBXBuildFile; fileRef = C93A25602B89A445004FD102 /* LandingPage.swift */; };
		C93A25632B89A881004FD102 /* Confirmation.swift in Sources */ = {isa = PBXBuildFile; fileRef = C93A25622B89A881004FD102 /* Confirmation.swift */; };
		C9E9A1A32B8A679F00E76BE3 /* ConfirmationTutor.swift in Sources */ = {isa = PBXBuildFile; fileRef = C9E9A1A22B8A679F00E76BE3 /* ConfirmationTutor.swift */; };
		C9FE336B2B89EBF300E42642 /* DisplayTutors.swift in Sources */ = {isa = PBXBuildFile; fileRef = C9FE336A2B89EBF300E42642 /* DisplayTutors.swift */; };
		C9FE336D2B8A359B00E42642 /* TutorInfoScroll.swift in Sources */ = {isa = PBXBuildFile; fileRef = C9FE336C2B8A359B00E42642 /* TutorInfoScroll.swift */; };
/* End PBXBuildFile section */

/* Begin PBXFileReference section */
		02B420E52B89B1C1001441F7 /* ProfilePage.swift */ = {isa = PBXFileReference; fileEncoding = 4; lastKnownFileType = sourcecode.swift; path = ProfilePage.swift; sourceTree = "<group>"; };
		02B420F02B89F3E3001441F7 /* SchedulePage.swift */ = {isa = PBXFileReference; lastKnownFileType = sourcecode.swift; path = SchedulePage.swift; sourceTree = "<group>"; };
		02B420F32B8A2684001441F7 /* TutorScheduleView.swift */ = {isa = PBXFileReference; lastKnownFileType = sourcecode.swift; path = TutorScheduleView.swift; sourceTree = "<group>"; };
		305657DC2B898AD000B0208A /* NTUtor.app */ = {isa = PBXFileReference; explicitFileType = wrapper.application; includeInIndex = 0; path = NTUtor.app; sourceTree = BUILT_PRODUCTS_DIR; };
		305657DF2B898AD000B0208A /* NTUtorApp.swift */ = {isa = PBXFileReference; lastKnownFileType = sourcecode.swift; path = NTUtorApp.swift; sourceTree = "<group>"; };
		305657E12B898AD000B0208A /* ContentView.swift */ = {isa = PBXFileReference; lastKnownFileType = sourcecode.swift; path = ContentView.swift; sourceTree = "<group>"; };
		305657E32B898AD400B0208A /* Assets.xcassets */ = {isa = PBXFileReference; lastKnownFileType = folder.assetcatalog; path = Assets.xcassets; sourceTree = "<group>"; };
		305657E62B898AD400B0208A /* Preview Assets.xcassets */ = {isa = PBXFileReference; lastKnownFileType = folder.assetcatalog; path = "Preview Assets.xcassets"; sourceTree = "<group>"; };
		305657FB2B89C71300B0208A /* name.png */ = {isa = PBXFileReference; lastKnownFileType = image.png; path = name.png; sourceTree = "<group>"; };
		305657FC2B89C71300B0208A /* logo.png */ = {isa = PBXFileReference; lastKnownFileType = image.png; path = logo.png; sourceTree = "<group>"; };
		305657FD2B89C71300B0208A /* Screenshot 2024-02-24 at 2.09.46 PM.png */ = {isa = PBXFileReference; lastKnownFileType = image.png; path = "Screenshot 2024-02-24 at 2.09.46 PM.png"; sourceTree = "<group>"; };
		305658072B89D03A00B0208A /* BottomBarView.swift */ = {isa = PBXFileReference; lastKnownFileType = sourcecode.swift; path = BottomBarView.swift; sourceTree = "<group>"; };
		3056580B2B89D75E00B0208A /* students.png */ = {isa = PBXFileReference; lastKnownFileType = image.png; path = students.png; sourceTree = "<group>"; };
		305658122B89E32D00B0208A /* DropDownPickerView.swift */ = {isa = PBXFileReference; lastKnownFileType = sourcecode.swift; path = DropDownPickerView.swift; sourceTree = "<group>"; };
		305658172B89F58300B0208A /* TutorPage.swift */ = {isa = PBXFileReference; lastKnownFileType = sourcecode.swift; path = TutorPage.swift; sourceTree = "<group>"; };
		3056581A2B89F76D00B0208A /* DropDownPickerGrade.swift */ = {isa = PBXFileReference; lastKnownFileType = sourcecode.swift; path = DropDownPickerGrade.swift; sourceTree = "<group>"; };
		3056581C2B89FDA200B0208A /* tutor.png */ = {isa = PBXFileReference; lastKnownFileType = image.png; path = tutor.png; sourceTree = "<group>"; };
		305658212B8A01DF00B0208A /* DatePickerView.swift */ = {isa = PBXFileReference; lastKnownFileType = sourcecode.swift; path = DatePickerView.swift; sourceTree = "<group>"; };
		305658232B8A06AB00B0208A /* 36368-removebg-preview.png */ = {isa = PBXFileReference; lastKnownFileType = image.png; path = "36368-removebg-preview.png"; sourceTree = "<group>"; };
		305658262B8A3C8A00B0208A /* TutDescriptionPageView.swift */ = {isa = PBXFileReference; lastKnownFileType = sourcecode.swift; path = TutDescriptionPageView.swift; sourceTree = "<group>"; };
		305658292B8A3F1200B0208A /* BioView.swift */ = {isa = PBXFileReference; lastKnownFileType = sourcecode.swift; path = BioView.swift; sourceTree = "<group>"; };
		3056582C2B8A53BD00B0208A /* ColorExtension.swift */ = {isa = PBXFileReference; lastKnownFileType = sourcecode.swift; path = ColorExtension.swift; sourceTree = "<group>"; };
		3056582E2B8A54A300B0208A /* DropDownPickerDate.swift */ = {isa = PBXFileReference; lastKnownFileType = sourcecode.swift; path = DropDownPickerDate.swift; sourceTree = "<group>"; };
		305658312B8AB57100B0208A /* TutorData.swift */ = {isa = PBXFileReference; lastKnownFileType = sourcecode.swift; path = TutorData.swift; sourceTree = "<group>"; };
		305658332B8AB95100B0208A /* PersonStruct.swift */ = {isa = PBXFileReference; lastKnownFileType = sourcecode.swift; path = PersonStruct.swift; sourceTree = "<group>"; };
		305658362B8AC12300B0208A /* photo_6255619918619851050_x.jpg */ = {isa = PBXFileReference; lastKnownFileType = image.jpeg; path = photo_6255619918619851050_x.jpg; sourceTree = "<group>"; };
		C93A25602B89A445004FD102 /* LandingPage.swift */ = {isa = PBXFileReference; lastKnownFileType = sourcecode.swift; path = LandingPage.swift; sourceTree = "<group>"; };
		C93A25622B89A881004FD102 /* Confirmation.swift */ = {isa = PBXFileReference; lastKnownFileType = sourcecode.swift; path = Confirmation.swift; sourceTree = "<group>"; };
		C9E9A1A22B8A679F00E76BE3 /* ConfirmationTutor.swift */ = {isa = PBXFileReference; lastKnownFileType = sourcecode.swift; path = ConfirmationTutor.swift; sourceTree = "<group>"; };
		C9FE336A2B89EBF300E42642 /* DisplayTutors.swift */ = {isa = PBXFileReference; lastKnownFileType = sourcecode.swift; path = DisplayTutors.swift; sourceTree = "<group>"; };
		C9FE336C2B8A359B00E42642 /* TutorInfoScroll.swift */ = {isa = PBXFileReference; lastKnownFileType = sourcecode.swift; path = TutorInfoScroll.swift; sourceTree = "<group>"; };
/* End PBXFileReference section */

/* Begin PBXFrameworksBuildPhase section */
		305657D92B898AD000B0208A /* Frameworks */ = {
			isa = PBXFrameworksBuildPhase;
			buildActionMask = 2147483647;
			files = (
			);
			runOnlyForDeploymentPostprocessing = 0;
		};
/* End PBXFrameworksBuildPhase section */

/* Begin PBXGroup section */
		02B420F22B8A265D001441F7 /* SchedulePages */ = {
			isa = PBXGroup;
			children = (
				02B420F32B8A2684001441F7 /* TutorScheduleView.swift */,
			);
			path = SchedulePages;
			sourceTree = "<group>";
		};
		305657D32B898AD000B0208A = {
			isa = PBXGroup;
			children = (
				305657DE2B898AD000B0208A /* NTUtor */,
				305657DD2B898AD000B0208A /* Products */,
			);
			sourceTree = "<group>";
		};
		305657DD2B898AD000B0208A /* Products */ = {
			isa = PBXGroup;
			children = (
				305657DC2B898AD000B0208A /* NTUtor.app */,
			);
			name = Products;
			sourceTree = "<group>";
		};
		305657DE2B898AD000B0208A /* NTUtor */ = {
			isa = PBXGroup;
			children = (
				305658352B8ABA5900B0208A /* Structures */,
				305658302B8AB54200B0208A /* TestData */,
				3056582B2B8A53AB00B0208A /* Extensions */,
				305658252B8A3C6E00B0208A /* TutDescriptionPage */,
				02B420F22B8A265D001441F7 /* SchedulePages */,
				305658202B8A01CD00B0208A /* DatePicker */,
				305658162B89F56100B0208A /* TutorAvailPage */,
				3056580F2B89E27000B0208A /* DropDownPicker */,
				305658062B89D01D00B0208A /* BottomBar */,
				305657DF2B898AD000B0208A /* NTUtorApp.swift */,
				C93A255D2B89A3E9004FD102 /* HomePage */,
				C93A255B2B899FA9004FD102 /* ProfilePage */,
				C93A255A2B899F26004FD102 /* SchedulePage */,
				C93A25572B89936F004FD102 /* SearchTutPage */,
				305657FA2B89C6FD00B0208A /* Images */,
				305657E12B898AD000B0208A /* ContentView.swift */,
				305657E32B898AD400B0208A /* Assets.xcassets */,
				305657E52B898AD400B0208A /* Preview Content */,
			);
			path = NTUtor;
			sourceTree = "<group>";
		};
		305657E52B898AD400B0208A /* Preview Content */ = {
			isa = PBXGroup;
			children = (
				305657E62B898AD400B0208A /* Preview Assets.xcassets */,
			);
			path = "Preview Content";
			sourceTree = "<group>";
		};
		305657FA2B89C6FD00B0208A /* Images */ = {
			isa = PBXGroup;
			children = (
				305658362B8AC12300B0208A /* photo_6255619918619851050_x.jpg */,
				305658232B8A06AB00B0208A /* 36368-removebg-preview.png */,
				3056581C2B89FDA200B0208A /* tutor.png */,
				3056580B2B89D75E00B0208A /* students.png */,
				305657FC2B89C71300B0208A /* logo.png */,
				305657FB2B89C71300B0208A /* name.png */,
				305657FD2B89C71300B0208A /* Screenshot 2024-02-24 at 2.09.46 PM.png */,
			);
			path = Images;
			sourceTree = "<group>";
		};
		305658062B89D01D00B0208A /* BottomBar */ = {
			isa = PBXGroup;
			children = (
				305658072B89D03A00B0208A /* BottomBarView.swift */,
			);
			path = BottomBar;
			sourceTree = "<group>";
		};
		3056580F2B89E27000B0208A /* DropDownPicker */ = {
			isa = PBXGroup;
			children = (
				305658122B89E32D00B0208A /* DropDownPickerView.swift */,
				3056581A2B89F76D00B0208A /* DropDownPickerGrade.swift */,
				3056582E2B8A54A300B0208A /* DropDownPickerDate.swift */,
			);
			path = DropDownPicker;
			sourceTree = "<group>";
		};
		305658162B89F56100B0208A /* TutorAvailPage */ = {
			isa = PBXGroup;
			children = (
				305658172B89F58300B0208A /* TutorPage.swift */,
				C9E9A1A22B8A679F00E76BE3 /* ConfirmationTutor.swift */,
			);
			path = TutorAvailPage;
			sourceTree = "<group>";
		};
		305658202B8A01CD00B0208A /* DatePicker */ = {
			isa = PBXGroup;
			children = (
				305658212B8A01DF00B0208A /* DatePickerView.swift */,
			);
			path = DatePicker;
			sourceTree = "<group>";
		};
		305658252B8A3C6E00B0208A /* TutDescriptionPage */ = {
			isa = PBXGroup;
			children = (
				305658262B8A3C8A00B0208A /* TutDescriptionPageView.swift */,
			);
			path = TutDescriptionPage;
			sourceTree = "<group>";
		};
		3056582B2B8A53AB00B0208A /* Extensions */ = {
			isa = PBXGroup;
			children = (
				3056582C2B8A53BD00B0208A /* ColorExtension.swift */,
			);
			path = Extensions;
			sourceTree = "<group>";
		};
		305658302B8AB54200B0208A /* TestData */ = {
			isa = PBXGroup;
			children = (
				305658312B8AB57100B0208A /* TutorData.swift */,
			);
			path = TestData;
			sourceTree = "<group>";
		};
		305658352B8ABA5900B0208A /* Structures */ = {
			isa = PBXGroup;
			children = (
				305658332B8AB95100B0208A /* PersonStruct.swift */,
			);
			path = Structures;
			sourceTree = "<group>";
		};
		C93A25572B89936F004FD102 /* SearchTutPage */ = {
			isa = PBXGroup;
			children = (
				C93A25622B89A881004FD102 /* Confirmation.swift */,
				C9FE336A2B89EBF300E42642 /* DisplayTutors.swift */,
				C9FE336C2B8A359B00E42642 /* TutorInfoScroll.swift */,
			);
			path = SearchTutPage;
			sourceTree = "<group>";
		};
		C93A255A2B899F26004FD102 /* SchedulePage */ = {
			isa = PBXGroup;
			children = (
				02B420F02B89F3E3001441F7 /* SchedulePage.swift */,
			);
			path = SchedulePage;
			sourceTree = "<group>";
		};
		C93A255B2B899FA9004FD102 /* ProfilePage */ = {
			isa = PBXGroup;
			children = (
				02B420E52B89B1C1001441F7 /* ProfilePage.swift */,
				305658292B8A3F1200B0208A /* BioView.swift */,
			);
			path = ProfilePage;
			sourceTree = "<group>";
		};
		C93A255D2B89A3E9004FD102 /* HomePage */ = {
			isa = PBXGroup;
			children = (
				C93A25602B89A445004FD102 /* LandingPage.swift */,
			);
			path = HomePage;
			sourceTree = "<group>";
		};
/* End PBXGroup section */

/* Begin PBXNativeTarget section */
		305657DB2B898AD000B0208A /* NTUtor */ = {
			isa = PBXNativeTarget;
			buildConfigurationList = 305657EA2B898AD400B0208A /* Build configuration list for PBXNativeTarget "NTUtor" */;
			buildPhases = (
				305657D82B898AD000B0208A /* Sources */,
				305657D92B898AD000B0208A /* Frameworks */,
				305657DA2B898AD000B0208A /* Resources */,
			);
			buildRules = (
			);
			dependencies = (
			);
			name = NTUtor;
			productName = NTUtor;
			productReference = 305657DC2B898AD000B0208A /* NTUtor.app */;
			productType = "com.apple.product-type.application";
		};
/* End PBXNativeTarget section */

/* Begin PBXProject section */
		305657D42B898AD000B0208A /* Project object */ = {
			isa = PBXProject;
			attributes = {
				BuildIndependentTargetsInParallel = 1;
				LastSwiftUpdateCheck = 1520;
				LastUpgradeCheck = 1520;
				TargetAttributes = {
					305657DB2B898AD000B0208A = {
						CreatedOnToolsVersion = 15.2;
					};
				};
			};
			buildConfigurationList = 305657D72B898AD000B0208A /* Build configuration list for PBXProject "NTUtor" */;
			compatibilityVersion = "Xcode 14.0";
			developmentRegion = en;
			hasScannedForEncodings = 0;
			knownRegions = (
				en,
				Base,
			);
			mainGroup = 305657D32B898AD000B0208A;
			productRefGroup = 305657DD2B898AD000B0208A /* Products */;
			projectDirPath = "";
			projectRoot = "";
			targets = (
				305657DB2B898AD000B0208A /* NTUtor */,
			);
		};
/* End PBXProject section */

/* Begin PBXResourcesBuildPhase section */
		305657DA2B898AD000B0208A /* Resources */ = {
			isa = PBXResourcesBuildPhase;
			buildActionMask = 2147483647;
			files = (
				3056581D2B89FDA200B0208A /* tutor.png in Resources */,
				305657FF2B89C71300B0208A /* logo.png in Resources */,
				305658242B8A06AB00B0208A /* 36368-removebg-preview.png in Resources */,
				305657E72B898AD400B0208A /* Preview Assets.xcassets in Resources */,
				305658372B8AC12300B0208A /* photo_6255619918619851050_x.jpg in Resources */,
				305657E42B898AD400B0208A /* Assets.xcassets in Resources */,
				3056580C2B89D75E00B0208A /* students.png in Resources */,
				305658002B89C71300B0208A /* Screenshot 2024-02-24 at 2.09.46 PM.png in Resources */,
				305657FE2B89C71300B0208A /* name.png in Resources */,
			);
			runOnlyForDeploymentPostprocessing = 0;
		};
/* End PBXResourcesBuildPhase section */

/* Begin PBXSourcesBuildPhase section */
		305657D82B898AD000B0208A /* Sources */ = {
			isa = PBXSourcesBuildPhase;
			buildActionMask = 2147483647;
			files = (
				305657E22B898AD000B0208A /* ContentView.swift in Sources */,
				C9FE336D2B8A359B00E42642 /* TutorInfoScroll.swift in Sources */,
				305658132B89E32D00B0208A /* DropDownPickerView.swift in Sources */,
				305658272B8A3C8A00B0208A /* TutDescriptionPageView.swift in Sources */,
				305657E02B898AD000B0208A /* NTUtorApp.swift in Sources */,
				02B420F42B8A2684001441F7 /* TutorScheduleView.swift in Sources */,
				C93A25632B89A881004FD102 /* Confirmation.swift in Sources */,
				3056582F2B8A54A300B0208A /* DropDownPickerDate.swift in Sources */,
				3056581B2B89F76D00B0208A /* DropDownPickerGrade.swift in Sources */,
				02B420E62B89B1C1001441F7 /* ProfilePage.swift in Sources */,
				305658322B8AB57100B0208A /* TutorData.swift in Sources */,
				C9E9A1A32B8A679F00E76BE3 /* ConfirmationTutor.swift in Sources */,
				305658222B8A01DF00B0208A /* DatePickerView.swift in Sources */,
				3056582A2B8A3F1200B0208A /* BioView.swift in Sources */,
				C9FE336B2B89EBF300E42642 /* DisplayTutors.swift in Sources */,
				3056582D2B8A53BD00B0208A /* ColorExtension.swift in Sources */,
				305658082B89D03A00B0208A /* BottomBarView.swift in Sources */,
				C93A25612B89A445004FD102 /* LandingPage.swift in Sources */,
				02B420F12B89F3E3001441F7 /* SchedulePage.swift in Sources */,
				305658342B8AB95100B0208A /* PersonStruct.swift in Sources */,
				305658182B89F58300B0208A /* TutorPage.swift in Sources */,
			);
			runOnlyForDeploymentPostprocessing = 0;
		};
/* End PBXSourcesBuildPhase section */

/* Begin XCBuildConfiguration section */
		305657E82B898AD400B0208A /* Debug */ = {
			isa = XCBuildConfiguration;
			buildSettings = {
				ALWAYS_SEARCH_USER_PATHS = NO;
				ASSETCATALOG_COMPILER_GENERATE_SWIFT_ASSET_SYMBOL_EXTENSIONS = YES;
				CLANG_ANALYZER_NONNULL = YES;
				CLANG_ANALYZER_NUMBER_OBJECT_CONVERSION = YES_AGGRESSIVE;
				CLANG_CXX_LANGUAGE_STANDARD = "gnu++20";
				CLANG_ENABLE_MODULES = YES;
				CLANG_ENABLE_OBJC_ARC = YES;
				CLANG_ENABLE_OBJC_WEAK = YES;
				CLANG_WARN_BLOCK_CAPTURE_AUTORELEASING = YES;
				CLANG_WARN_BOOL_CONVERSION = YES;
				CLANG_WARN_COMMA = YES;
				CLANG_WARN_CONSTANT_CONVERSION = YES;
				CLANG_WARN_DEPRECATED_OBJC_IMPLEMENTATIONS = YES;
				CLANG_WARN_DIRECT_OBJC_ISA_USAGE = YES_ERROR;
				CLANG_WARN_DOCUMENTATION_COMMENTS = YES;
				CLANG_WARN_EMPTY_BODY = YES;
				CLANG_WARN_ENUM_CONVERSION = YES;
				CLANG_WARN_INFINITE_RECURSION = YES;
				CLANG_WARN_INT_CONVERSION = YES;
				CLANG_WARN_NON_LITERAL_NULL_CONVERSION = YES;
				CLANG_WARN_OBJC_IMPLICIT_RETAIN_SELF = YES;
				CLANG_WARN_OBJC_LITERAL_CONVERSION = YES;
				CLANG_WARN_OBJC_ROOT_CLASS = YES_ERROR;
				CLANG_WARN_QUOTED_INCLUDE_IN_FRAMEWORK_HEADER = YES;
				CLANG_WARN_RANGE_LOOP_ANALYSIS = YES;
				CLANG_WARN_STRICT_PROTOTYPES = YES;
				CLANG_WARN_SUSPICIOUS_MOVE = YES;
				CLANG_WARN_UNGUARDED_AVAILABILITY = YES_AGGRESSIVE;
				CLANG_WARN_UNREACHABLE_CODE = YES;
				CLANG_WARN__DUPLICATE_METHOD_MATCH = YES;
				COPY_PHASE_STRIP = NO;
				DEBUG_INFORMATION_FORMAT = dwarf;
				ENABLE_STRICT_OBJC_MSGSEND = YES;
				ENABLE_TESTABILITY = YES;
				ENABLE_USER_SCRIPT_SANDBOXING = YES;
				GCC_C_LANGUAGE_STANDARD = gnu17;
				GCC_DYNAMIC_NO_PIC = NO;
				GCC_NO_COMMON_BLOCKS = YES;
				GCC_OPTIMIZATION_LEVEL = 0;
				GCC_PREPROCESSOR_DEFINITIONS = (
					"DEBUG=1",
					"$(inherited)",
				);
				GCC_WARN_64_TO_32_BIT_CONVERSION = YES;
				GCC_WARN_ABOUT_RETURN_TYPE = YES_ERROR;
				GCC_WARN_UNDECLARED_SELECTOR = YES;
				GCC_WARN_UNINITIALIZED_AUTOS = YES_AGGRESSIVE;
				GCC_WARN_UNUSED_FUNCTION = YES;
				GCC_WARN_UNUSED_VARIABLE = YES;
				IPHONEOS_DEPLOYMENT_TARGET = 17.2;
				LOCALIZATION_PREFERS_STRING_CATALOGS = YES;
				MTL_ENABLE_DEBUG_INFO = INCLUDE_SOURCE;
				MTL_FAST_MATH = YES;
				ONLY_ACTIVE_ARCH = YES;
				SDKROOT = iphoneos;
				SWIFT_ACTIVE_COMPILATION_CONDITIONS = "DEBUG $(inherited)";
				SWIFT_OPTIMIZATION_LEVEL = "-Onone";
			};
			name = Debug;
		};
		305657E92B898AD400B0208A /* Release */ = {
			isa = XCBuildConfiguration;
			buildSettings = {
				ALWAYS_SEARCH_USER_PATHS = NO;
				ASSETCATALOG_COMPILER_GENERATE_SWIFT_ASSET_SYMBOL_EXTENSIONS = YES;
				CLANG_ANALYZER_NONNULL = YES;
				CLANG_ANALYZER_NUMBER_OBJECT_CONVERSION = YES_AGGRESSIVE;
				CLANG_CXX_LANGUAGE_STANDARD = "gnu++20";
				CLANG_ENABLE_MODULES = YES;
				CLANG_ENABLE_OBJC_ARC = YES;
				CLANG_ENABLE_OBJC_WEAK = YES;
				CLANG_WARN_BLOCK_CAPTURE_AUTORELEASING = YES;
				CLANG_WARN_BOOL_CONVERSION = YES;
				CLANG_WARN_COMMA = YES;
				CLANG_WARN_CONSTANT_CONVERSION = YES;
				CLANG_WARN_DEPRECATED_OBJC_IMPLEMENTATIONS = YES;
				CLANG_WARN_DIRECT_OBJC_ISA_USAGE = YES_ERROR;
				CLANG_WARN_DOCUMENTATION_COMMENTS = YES;
				CLANG_WARN_EMPTY_BODY = YES;
				CLANG_WARN_ENUM_CONVERSION = YES;
				CLANG_WARN_INFINITE_RECURSION = YES;
				CLANG_WARN_INT_CONVERSION = YES;
				CLANG_WARN_NON_LITERAL_NULL_CONVERSION = YES;
				CLANG_WARN_OBJC_IMPLICIT_RETAIN_SELF = YES;
				CLANG_WARN_OBJC_LITERAL_CONVERSION = YES;
				CLANG_WARN_OBJC_ROOT_CLASS = YES_ERROR;
				CLANG_WARN_QUOTED_INCLUDE_IN_FRAMEWORK_HEADER = YES;
				CLANG_WARN_RANGE_LOOP_ANALYSIS = YES;
				CLANG_WARN_STRICT_PROTOTYPES = YES;
				CLANG_WARN_SUSPICIOUS_MOVE = YES;
				CLANG_WARN_UNGUARDED_AVAILABILITY = YES_AGGRESSIVE;
				CLANG_WARN_UNREACHABLE_CODE = YES;
				CLANG_WARN__DUPLICATE_METHOD_MATCH = YES;
				COPY_PHASE_STRIP = NO;
				DEBUG_INFORMATION_FORMAT = "dwarf-with-dsym";
				ENABLE_NS_ASSERTIONS = NO;
				ENABLE_STRICT_OBJC_MSGSEND = YES;
				ENABLE_USER_SCRIPT_SANDBOXING = YES;
				GCC_C_LANGUAGE_STANDARD = gnu17;
				GCC_NO_COMMON_BLOCKS = YES;
				GCC_WARN_64_TO_32_BIT_CONVERSION = YES;
				GCC_WARN_ABOUT_RETURN_TYPE = YES_ERROR;
				GCC_WARN_UNDECLARED_SELECTOR = YES;
				GCC_WARN_UNINITIALIZED_AUTOS = YES_AGGRESSIVE;
				GCC_WARN_UNUSED_FUNCTION = YES;
				GCC_WARN_UNUSED_VARIABLE = YES;
				IPHONEOS_DEPLOYMENT_TARGET = 17.2;
				LOCALIZATION_PREFERS_STRING_CATALOGS = YES;
				MTL_ENABLE_DEBUG_INFO = NO;
				MTL_FAST_MATH = YES;
				SDKROOT = iphoneos;
				SWIFT_COMPILATION_MODE = wholemodule;
				VALIDATE_PRODUCT = YES;
			};
			name = Release;
		};
		305657EB2B898AD400B0208A /* Debug */ = {
			isa = XCBuildConfiguration;
			buildSettings = {
				ASSETCATALOG_COMPILER_APPICON_NAME = AppIcon;
				ASSETCATALOG_COMPILER_GLOBAL_ACCENT_COLOR_NAME = AccentColor;
				CODE_SIGN_STYLE = Automatic;
				CURRENT_PROJECT_VERSION = 1;
				DEVELOPMENT_ASSET_PATHS = "\"NTUtor/Preview Content\"";
				DEVELOPMENT_TEAM = VRC4TF94UT;
				ENABLE_PREVIEWS = YES;
				GENERATE_INFOPLIST_FILE = YES;
				INFOPLIST_KEY_UIApplicationSceneManifest_Generation = YES;
				INFOPLIST_KEY_UIApplicationSupportsIndirectInputEvents = YES;
				INFOPLIST_KEY_UILaunchScreen_Generation = YES;
				INFOPLIST_KEY_UISupportedInterfaceOrientations_iPad = "UIInterfaceOrientationPortrait UIInterfaceOrientationPortraitUpsideDown UIInterfaceOrientationLandscapeLeft UIInterfaceOrientationLandscapeRight";
				INFOPLIST_KEY_UISupportedInterfaceOrientations_iPhone = "UIInterfaceOrientationPortrait UIInterfaceOrientationLandscapeLeft UIInterfaceOrientationLandscapeRight";
				LD_RUNPATH_SEARCH_PATHS = (
					"$(inherited)",
					"@executable_path/Frameworks",
				);
				MARKETING_VERSION = 1.0;
				PRODUCT_BUNDLE_IDENTIFIER = com.owennigel14.NTUtor;
				PRODUCT_NAME = "$(TARGET_NAME)";
				SWIFT_EMIT_LOC_STRINGS = YES;
				SWIFT_VERSION = 5.0;
				TARGETED_DEVICE_FAMILY = "1,2";
			};
			name = Debug;
		};
		305657EC2B898AD400B0208A /* Release */ = {
			isa = XCBuildConfiguration;
			buildSettings = {
				ASSETCATALOG_COMPILER_APPICON_NAME = AppIcon;
				ASSETCATALOG_COMPILER_GLOBAL_ACCENT_COLOR_NAME = AccentColor;
				CODE_SIGN_STYLE = Automatic;
				CURRENT_PROJECT_VERSION = 1;
				DEVELOPMENT_ASSET_PATHS = "\"NTUtor/Preview Content\"";
				DEVELOPMENT_TEAM = VRC4TF94UT;
				ENABLE_PREVIEWS = YES;
				GENERATE_INFOPLIST_FILE = YES;
				INFOPLIST_KEY_UIApplicationSceneManifest_Generation = YES;
				INFOPLIST_KEY_UIApplicationSupportsIndirectInputEvents = YES;
				INFOPLIST_KEY_UILaunchScreen_Generation = YES;
				INFOPLIST_KEY_UISupportedInterfaceOrientations_iPad = "UIInterfaceOrientationPortrait UIInterfaceOrientationPortraitUpsideDown UIInterfaceOrientationLandscapeLeft UIInterfaceOrientationLandscapeRight";
				INFOPLIST_KEY_UISupportedInterfaceOrientations_iPhone = "UIInterfaceOrientationPortrait UIInterfaceOrientationLandscapeLeft UIInterfaceOrientationLandscapeRight";
				LD_RUNPATH_SEARCH_PATHS = (
					"$(inherited)",
					"@executable_path/Frameworks",
				);
				MARKETING_VERSION = 1.0;
				PRODUCT_BUNDLE_IDENTIFIER = com.owennigel14.NTUtor;
				PRODUCT_NAME = "$(TARGET_NAME)";
				SWIFT_EMIT_LOC_STRINGS = YES;
				SWIFT_VERSION = 5.0;
				TARGETED_DEVICE_FAMILY = "1,2";
			};
			name = Release;
		};
/* End XCBuildConfiguration section */

/* Begin XCConfigurationList section */
		305657D72B898AD000B0208A /* Build configuration list for PBXProject "NTUtor" */ = {
			isa = XCConfigurationList;
			buildConfigurations = (
				305657E82B898AD400B0208A /* Debug */,
				305657E92B898AD400B0208A /* Release */,
			);
			defaultConfigurationIsVisible = 0;
			defaultConfigurationName = Release;
		};
		305657EA2B898AD400B0208A /* Build configuration list for PBXNativeTarget "NTUtor" */ = {
			isa = XCConfigurationList;
			buildConfigurations = (
				305657EB2B898AD400B0208A /* Debug */,
				305657EC2B898AD400B0208A /* Release */,
			);
			defaultConfigurationIsVisible = 0;
			defaultConfigurationName = Release;
		};
/* End XCConfigurationList section */
	};
	rootObject = 305657D42B898AD000B0208A /* Project object */;
}
